
Microsoft Visual Studio Solution File, Format Version 12.00
# Visual Studio 15
VisualStudioVersion = 15.0.28307.645
MinimumVisualStudioVersion = 10.0.40219.1
Project("{FAE04EC0-301F-11D3-BF4B-00C04F79EFBC}") = "SIT323Assignment1", "SIT323Assignment1\SIT323Assignment1.csproj", "{2329F4E2-7658-4D02-9DB5-4E531B09A172}"
EndProject
Project("{FAE04EC0-301F-11D3-BF4B-00C04F79EFBC}") = "Assignment1Tests", "Assignment1Tests\Assignment1Tests.csproj", "{0D5F018A-C3A1-47C2-BC14-1D54DF3E49A5}"
EndProject
Global
	GlobalSection(SolutionConfigurationPlatforms) = preSolution
		Debug|Any CPU = Debug|Any CPU
		Release|Any CPU = Release|Any CPU
	EndGlobalSection
	GlobalSection(ProjectConfigurationPlatforms) = postSolution
		{2329F4E2-7658-4D02-9DB5-4E531B09A172}.Debug|Any CPU.ActiveCfg = Debug|Any CPU
		{2329F4E2-7658-4D02-9DB5-4E531B09A172}.Debug|Any CPU.Build.0 = Debug|Any CPU
		{2329F4E2-7658-4D02-9DB5-4E531B09A172}.Release|Any CPU.ActiveCfg = Release|Any CPU
		{2329F4E2-7658-4D02-9DB5-4E531B09A172}.Release|Any CPU.Build.0 = Release|Any CPU
		{0D5F018A-C3A1-47C2-BC14-1D54DF3E49A5}.Debug|Any CPU.ActiveCfg = Debug|Any CPU
		{0D5F018A-C3A1-47C2-BC14-1D54DF3E49A5}.Debug|Any CPU.Build.0 = Debug|Any CPU
		{0D5F018A-C3A1-47C2-BC14-1D54DF3E49A5}.Release|Any CPU.ActiveCfg = Release|Any CPU
		{0D5F018A-C3A1-47C2-BC14-1D54DF3E49A5}.Release|Any CPU.Build.0 = Release|Any CPU
	EndGlobalSection
	GlobalSection(SolutionProperties) = preSolution
		HideSolutionNode = FALSE
	EndGlobalSection
	GlobalSection(ExtensibilityGlobals) = postSolution
		SolutionGuid = {1443BFFD-89A3-4B1C-9ECD-97E0DE99B88A}
	EndGlobalSection
EndGlobal
